
Microsoft Visual Studio Solution File, Format Version 12.00
# Visual Studio 15
Project("{FAE04EC0-301F-11D3-BF4B-00C04F79EFBC}") = "TestPDF", "TestPDF\TestPDF.csproj", "{47D44C00-1AD6-4C30-AA3A-B6786E14A442}"
EndProject
Project("{FAE04EC0-301F-11D3-BF4B-00C04F79EFBC}") = "TestPDF2", "TestPDF2\TestPDF2.csproj", "{3C2AB673-19AF-4171-89A3-BA6575589A6D}"
EndProject
Global
	GlobalSection(SolutionConfigurationPlatforms) = preSolution
		Debug|Any CPU = Debug|Any CPU
		Release|Any CPU = Release|Any CPU
	EndGlobalSection
	GlobalSection(ProjectConfigurationPlatforms) = postSolution
		{47D44C00-1AD6-4C30-AA3A-B6786E14A442}.Debug|Any CPU.ActiveCfg = Debug|Any CPU
		{47D44C00-1AD6-4C30-AA3A-B6786E14A442}.Debug|Any CPU.Build.0 = Debug|Any CPU
		{47D44C00-1AD6-4C30-AA3A-B6786E14A442}.Release|Any CPU.ActiveCfg = Release|Any CPU
		{47D44C00-1AD6-4C30-AA3A-B6786E14A442}.Release|Any CPU.Build.0 = Release|Any CPU
		{3C2AB673-19AF-4171-89A3-BA6575589A6D}.Debug|Any CPU.ActiveCfg = Debug|Any CPU
		{3C2AB673-19AF-4171-89A3-BA6575589A6D}.Debug|Any CPU.Build.0 = Debug|Any CPU
		{3C2AB673-19AF-4171-89A3-BA6575589A6D}.Release|Any CPU.ActiveCfg = Release|Any CPU
		{3C2AB673-19AF-4171-89A3-BA6575589A6D}.Release|Any CPU.Build.0 = Release|Any CPU
	EndGlobalSection
EndGlobal
